
Microsoft Visual Studio Solution File, Format Version 12.00
# Visual Studio Version 16
VisualStudioVersion = 16.0.31911.196
MinimumVisualStudioVersion = 10.0.40219.1
Project("{FAE04EC0-301F-11D3-BF4B-00C04F79EFBC}") = "laescuela", "laescuela\laescuela.csproj", "{16021C81-6A97-425D-858C-35D7EAA3DE18}"
EndProject
Global
	GlobalSection(SolutionConfigurationPlatforms) = preSolution
		Debug|Any CPU = Debug|Any CPU
		Release|Any CPU = Release|Any CPU
	EndGlobalSection
	GlobalSection(ProjectConfigurationPlatforms) = postSolution
		{16021C81-6A97-425D-858C-35D7EAA3DE18}.Debug|Any CPU.ActiveCfg = Debug|Any CPU
		{16021C81-6A97-425D-858C-35D7EAA3DE18}.Debug|Any CPU.Build.0 = Debug|Any CPU
		{16021C81-6A97-425D-858C-35D7EAA3DE18}.Release|Any CPU.ActiveCfg = Release|Any CPU
		{16021C81-6A97-425D-858C-35D7EAA3DE18}.Release|Any CPU.Build.0 = Release|Any CPU
	EndGlobalSection
	GlobalSection(SolutionProperties) = preSolution
		HideSolutionNode = FALSE
	EndGlobalSection
	GlobalSection(ExtensibilityGlobals) = postSolution
		SolutionGuid = {08347D84-7BFB-4565-A525-79A5484C7FDD}
	EndGlobalSection
EndGlobal
